<?xml version="1.0" encoding="utf-8"?>
<Project ToolsVersion="4.0" xmlns="http://schemas.microsoft.com/developer/msbuild/2003">
  <ItemGroup>
    <Filter Include="Source Files">
      <UniqueIdentifier>{4FC737F1-C7A5-4376-A066-2A32D752A2FF}</UniqueIdentifier>
      <Extensions>cpp;c;cc;cxx;def;odl;idl;hpj;bat;asm;asmx</Extensions>
    </Filter>
    <Filter Include="Header Files">
      <UniqueIdentifier>{93995380-89BD-4b04-88EB-625FBE52EBFB}</UniqueIdentifier>
      <Extensions>h;hpp;hxx;hm;inl;inc;xsd</Extensions>
    </Filter>
    <Filter Include="Resource Files">
      <UniqueIdentifier>{67DA6AB6-F800-4c08-8B7A-83BB121AAD01}</UniqueIdentifier>
      <Extensions>rc;ico;cur;bmp;dlg;rc2;rct;bin;rgs;gif;jpg;jpeg;jpe;resx;tiff;tif;png;wav;mfcribbon-ms</Extensions>
    </Filter>
    <Filter Include="Header Files\Exceptions">
      <UniqueIdentifier>{5797d746-0aa3-4174-bf44-c83372067184}</UniqueIdentifier>
    </Filter>
    <Filter Include="Header Files\Game">
      <UniqueIdentifier>{81aedffa-f3b6-4f87-a407-3bddd70461c5}</UniqueIdentifier>
    </Filter>
    <Filter Include="Header Files\Actors">
      <UniqueIdentifier>{a2ad5b90-ed3a-47b5-bfa5-dab07f5323b1}</UniqueIdentifier>
    </Filter>
    <Filter Include="Header Files\Actors\Implementations">
      <UniqueIdentifier>{09407379-1817-4e5e-a521-5426333452c5}</UniqueIdentifier>
    </Filter>
    <Filter Include="Source Files\Actors">
      <UniqueIdentifier>{ed12fdf0-a12d-4434-acf2-b388eb0113ef}</UniqueIdentifier>
    </Filter>
    <Filter Include="Source Files\Actors\Implementations">
      <UniqueIdentifier>{29bf349b-af9e-4e96-baf1-05101807c38e}</UniqueIdentifier>
    </Filter>
    <Filter Include="Source Files\Game">
      <UniqueIdentifier>{c9419af9-f4ba-41e3-ba3e-d2435099be5d}</UniqueIdentifier>
    </Filter>
    <Filter Include="Header Files\Game\Managers">
      <UniqueIdentifier>{570cf066-6b09-4b83-819a-44dbfe216a34}</UniqueIdentifier>
    </Filter>
    <Filter Include="Header Files\Game\Managers\Render Manager">
      <UniqueIdentifier>{426cbc50-9f5a-43a3-a1e3-7bbd1aab45e0}</UniqueIdentifier>
    </Filter>
    <Filter Include="Header Files\Game\Managers\Update Manager">
      <UniqueIdentifier>{95ddf723-286b-4d0c-b7ea-1c41a40cd1ef}</UniqueIdentifier>
    </Filter>
    <Filter Include="Source Files\Game\Managers">
      <UniqueIdentifier>{078161b9-c214-4db4-bb28-6a58ee4e3ced}</UniqueIdentifier>
    </Filter>
    <Filter Include="Source Files\Game\Managers\Update Manager">
      <UniqueIdentifier>{c0585469-e882-41bb-b49a-6bb0b659fd72}</UniqueIdentifier>
    </Filter>
    <Filter Include="Source Files\Game\Managers\Render Manager">
      <UniqueIdentifier>{7eb6b2e2-511f-4795-bc06-82022123e669}</UniqueIdentifier>
    </Filter>
  </ItemGroup>
  <ItemGroup>
    <ClInclude Include="Actor.h">
      <Filter>Header Files\Actors</Filter>
    </ClInclude>
    <ClInclude Include="Kamikadze.h">
      <Filter>Header Files\Actors\Implementations</Filter>
    </ClInclude>
    <ClInclude Include="Shooter.h">
      <Filter>Header Files\Actors\Implementations</Filter>
    </ClInclude>
    <ClInclude Include="File.h">
      <Filter>Header Files\Actors</Filter>
    </ClInclude>
    <ClInclude Include="SDLExceptions.h">
      <Filter>Header Files\Exceptions</Filter>
    </ClInclude>
    <ClInclude Include="World.h">
      <Filter>Header Files\Game</Filter>
    </ClInclude>
    <ClInclude Include="Player.h">
      <Filter>Header Files\Actors\Implementations</Filter>
    </ClInclude>
    <ClInclude Include="RenderManager.h">
      <Filter>Header Files\Game\Managers\Render Manager</Filter>
    </ClInclude>
    <ClInclude Include="Texture.h">
      <Filter>Header Files\Game\Managers\Render Manager</Filter>
    </ClInclude>
    <ClInclude Include="UpdateManager.h">
      <Filter>Header Files\Game\Managers\Update Manager</Filter>
    </ClInclude>
    <ClInclude Include="Settings.h">
      <Filter>Header Files\Game\Managers\Update Manager</Filter>
    </ClInclude>
    <ClInclude Include="Timer.h">
      <Filter>Header Files\Game\Managers\Update Manager</Filter>
    </ClInclude>
    <ClInclude Include="Constants.h">
      <Filter>Header Files\Game</Filter>
    </ClInclude>
  </ItemGroup>
  <ItemGroup>
    <ClCompile Include="GWars.cpp" />
    <ClCompile Include="Actor.cpp">
      <Filter>Source Files\Actors</Filter>
    </ClCompile>
    <ClCompile Include="File.cpp">
      <Filter>Source Files\Actors</Filter>
    </ClCompile>
    <ClCompile Include="Kamikadze.cpp">
      <Filter>Source Files\Actors\Implementations</Filter>
    </ClCompile>
    <ClCompile Include="Shooter.cpp">
      <Filter>Source Files\Actors\Implementations</Filter>
    </ClCompile>
    <ClCompile Include="Player.cpp">
      <Filter>Source Files\Actors\Implementations</Filter>
    </ClCompile>
    <ClCompile Include="Texture.cpp">
      <Filter>Source Files\Game\Managers\Render Manager</Filter>
    </ClCompile>
    <ClCompile Include="RenderManager.cpp">
      <Filter>Source Files\Game\Managers\Render Manager</Filter>
    </ClCompile>
    <ClCompile Include="Settings.cpp">
      <Filter>Source Files\Game\Managers\Update Manager</Filter>
    </ClCompile>
    <ClCompile Include="UpdateManager.cpp">
      <Filter>Source Files\Game\Managers\Update Manager</Filter>
    </ClCompile>
    <ClCompile Include="Timer.cpp">
      <Filter>Source Files\Game\Managers\Update Manager</Filter>
    </ClCompile>
    <ClCompile Include="World.cpp">
      <Filter>Source Files\Game\Managers\Update Manager</Filter>
    </ClCompile>
  </ItemGroup>
  <ItemGroup>
    <None Include="ClassDiagram.cd" />
  </ItemGroup>
</Project>